
Microsoft Visual Studio Solution File, Format Version 12.00
# Visual Studio Version 17
VisualStudioVersion = 17.5.002.0
MinimumVisualStudioVersion = 10.0.40219.1
Project("{9A19103F-16F7-4668-BE54-9A1E7A4F7556}") = "phi-onnx", "phi-onnx.csproj", "{1550FC1D-4896-461B-A75E-C53E0D067B9E}"
EndProject
Global
	GlobalSection(SolutionConfigurationPlatforms) = preSolution
		Debug|Any CPU = Debug|Any CPU
		Release|Any CPU = Release|Any CPU
	EndGlobalSection
	GlobalSection(ProjectConfigurationPlatforms) = postSolution
		{1550FC1D-4896-461B-A75E-C53E0D067B9E}.Debug|Any CPU.ActiveCfg = Debug|Any CPU
		{1550FC1D-4896-461B-A75E-C53E0D067B9E}.Debug|Any CPU.Build.0 = Debug|Any CPU
		{1550FC1D-4896-461B-A75E-C53E0D067B9E}.Release|Any CPU.ActiveCfg = Release|Any CPU
		{1550FC1D-4896-461B-A75E-C53E0D067B9E}.Release|Any CPU.Build.0 = Release|Any CPU
	EndGlobalSection
	GlobalSection(SolutionProperties) = preSolution
		HideSolutionNode = FALSE
	EndGlobalSection
	GlobalSection(ExtensibilityGlobals) = postSolution
		SolutionGuid = {6FD54B4B-E2F8-4179-9D7A-DDE0916F0BBF}
	EndGlobalSection
EndGlobal
